
Microsoft Visual Studio Solution File, Format Version 12.00
# Visual Studio 2013
VisualStudioVersion = 12.0.40629.0
MinimumVisualStudioVersion = 10.0.40219.1
Project("{8BC9CEB8-8B4A-11D0-8D11-00A0C91BC942}") = "mp1vecAdd", "mp1vecAdd\mp1vecAdd.vcxproj", "{1047A34A-D264-4D0C-BA6C-FDCF638CB901}"
EndProject
Project("{8BC9CEB8-8B4A-11D0-8D11-00A0C91BC942}") = "mp0query", "mp0query\mp0query.vcxproj", "{85868E1F-D863-4E60-B7E4-A56FDB06E3A7}"
EndProject
Project("{8BC9CEB8-8B4A-11D0-8D11-00A0C91BC942}") = "mp2multiply", "mp2multiply\mp2multiply.vcxproj", "{1642CEBF-C507-4F6E-B8D3-0C121D1FD582}"
EndProject
Project("{8BC9CEB8-8B4A-11D0-8D11-00A0C91BC942}") = "mp3tiledMultiply", "mp3tiledMultiply\mp3tiledMultiply.vcxproj", "{C9A17604-3E99-45CD-88D6-7FF7EDCAE923}"
EndProject
Project("{8BC9CEB8-8B4A-11D0-8D11-00A0C91BC942}") = "mp6convolution", "mp6convolution\mp6convolution.vcxproj", "{B725D715-F8D3-4391-B301-5D97BC6391D9}"
EndProject
Project("{8BC9CEB8-8B4A-11D0-8D11-00A0C91BC942}") = "test32n64", "test32n64\test32n64.vcxproj", "{39E63DFD-40AE-4053-94EA-C7F804BE4B0A}"
EndProject
Project("{8BC9CEB8-8B4A-11D0-8D11-00A0C91BC942}") = "mp4reduction", "mp4reduction\mp4reduction.vcxproj", "{39FED2CF-D561-4E56-8E0D-776FB50CD5B5}"
EndProject
Project("{8BC9CEB8-8B4A-11D0-8D11-00A0C91BC942}") = "mp5scan", "mp5scan\mp5scan.vcxproj", "{AB16C3ED-B957-4421-8BCE-EFB12C2AB08C}"
EndProject
Project("{8BC9CEB8-8B4A-11D0-8D11-00A0C91BC942}") = "mp11hist", "mp11hist\mp11hist.vcxproj", "{4C6D7EA0-9104-4B38-91F1-EEFFE96BB333}"
EndProject
Project("{8BC9CEB8-8B4A-11D0-8D11-00A0C91BC942}") = "webgpuThrustVectorAddition", "webgpuThrustVectorAddition\webgpuThrustVectorAddition.vcxproj", "{00EEAD0A-61F9-466A-8D25-62EA45B46705}"
EndProject
Project("{8BC9CEB8-8B4A-11D0-8D11-00A0C91BC942}") = "webgpuThrustReduction", "webgpuThrustReduction\webgpuThrustReduction.vcxproj", "{C5BEA6DC-B40A-4F99-8CDB-87B9E914607E}"
EndProject
Project("{8BC9CEB8-8B4A-11D0-8D11-00A0C91BC942}") = "webgpuOpenAccVectorAddition", "webgpuOpenAccVectorAddition\webgpuOpenAccVectorAddition.vcxproj", "{C927D517-1C6A-4142-A513-973162FBE37C}"
EndProject
Global
	GlobalSection(SolutionConfigurationPlatforms) = preSolution
		Debug|Win32 = Debug|Win32
		Debug|x64 = Debug|x64
		Release|Win32 = Release|Win32
		Release|x64 = Release|x64
	EndGlobalSection
	GlobalSection(ProjectConfigurationPlatforms) = postSolution
		{1047A34A-D264-4D0C-BA6C-FDCF638CB901}.Debug|Win32.ActiveCfg = Debug|Win32
		{1047A34A-D264-4D0C-BA6C-FDCF638CB901}.Debug|Win32.Build.0 = Debug|Win32
		{1047A34A-D264-4D0C-BA6C-FDCF638CB901}.Debug|x64.ActiveCfg = Debug|x64
		{1047A34A-D264-4D0C-BA6C-FDCF638CB901}.Debug|x64.Build.0 = Debug|x64
		{1047A34A-D264-4D0C-BA6C-FDCF638CB901}.Release|Win32.ActiveCfg = Release|Win32
		{1047A34A-D264-4D0C-BA6C-FDCF638CB901}.Release|Win32.Build.0 = Release|Win32
		{1047A34A-D264-4D0C-BA6C-FDCF638CB901}.Release|x64.ActiveCfg = Release|x64
		{1047A34A-D264-4D0C-BA6C-FDCF638CB901}.Release|x64.Build.0 = Release|x64
		{85868E1F-D863-4E60-B7E4-A56FDB06E3A7}.Debug|Win32.ActiveCfg = Debug|Win32
		{85868E1F-D863-4E60-B7E4-A56FDB06E3A7}.Debug|Win32.Build.0 = Debug|Win32
		{85868E1F-D863-4E60-B7E4-A56FDB06E3A7}.Debug|x64.ActiveCfg = Debug|x64
		{85868E1F-D863-4E60-B7E4-A56FDB06E3A7}.Debug|x64.Build.0 = Debug|x64
		{85868E1F-D863-4E60-B7E4-A56FDB06E3A7}.Release|Win32.ActiveCfg = Release|Win32
		{85868E1F-D863-4E60-B7E4-A56FDB06E3A7}.Release|Win32.Build.0 = Release|Win32
		{85868E1F-D863-4E60-B7E4-A56FDB06E3A7}.Release|x64.ActiveCfg = Release|x64
		{85868E1F-D863-4E60-B7E4-A56FDB06E3A7}.Release|x64.Build.0 = Release|x64
		{1642CEBF-C507-4F6E-B8D3-0C121D1FD582}.Debug|Win32.ActiveCfg = Debug|Win32
		{1642CEBF-C507-4F6E-B8D3-0C121D1FD582}.Debug|Win32.Build.0 = Debug|Win32
		{1642CEBF-C507-4F6E-B8D3-0C121D1FD582}.Debug|x64.ActiveCfg = Debug|x64
		{1642CEBF-C507-4F6E-B8D3-0C121D1FD582}.Debug|x64.Build.0 = Debug|x64
		{1642CEBF-C507-4F6E-B8D3-0C121D1FD582}.Release|Win32.ActiveCfg = Release|Win32
		{1642CEBF-C507-4F6E-B8D3-0C121D1FD582}.Release|Win32.Build.0 = Release|Win32
		{1642CEBF-C507-4F6E-B8D3-0C121D1FD582}.Release|x64.ActiveCfg = Release|x64
		{1642CEBF-C507-4F6E-B8D3-0C121D1FD582}.Release|x64.Build.0 = Release|x64
		{C9A17604-3E99-45CD-88D6-7FF7EDCAE923}.Debug|Win32.ActiveCfg = Debug|Win32
		{C9A17604-3E99-45CD-88D6-7FF7EDCAE923}.Debug|Win32.Build.0 = Debug|Win32
		{C9A17604-3E99-45CD-88D6-7FF7EDCAE923}.Debug|x64.ActiveCfg = Debug|x64
		{C9A17604-3E99-45CD-88D6-7FF7EDCAE923}.Debug|x64.Build.0 = Debug|x64
		{C9A17604-3E99-45CD-88D6-7FF7EDCAE923}.Release|Win32.ActiveCfg = Release|Win32
		{C9A17604-3E99-45CD-88D6-7FF7EDCAE923}.Release|Win32.Build.0 = Release|Win32
		{C9A17604-3E99-45CD-88D6-7FF7EDCAE923}.Release|x64.ActiveCfg = Release|x64
		{C9A17604-3E99-45CD-88D6-7FF7EDCAE923}.Release|x64.Build.0 = Release|x64
		{B725D715-F8D3-4391-B301-5D97BC6391D9}.Debug|Win32.ActiveCfg = Debug|Win32
		{B725D715-F8D3-4391-B301-5D97BC6391D9}.Debug|Win32.Build.0 = Debug|Win32
		{B725D715-F8D3-4391-B301-5D97BC6391D9}.Debug|x64.ActiveCfg = Debug|x64
		{B725D715-F8D3-4391-B301-5D97BC6391D9}.Debug|x64.Build.0 = Debug|x64
		{B725D715-F8D3-4391-B301-5D97BC6391D9}.Release|Win32.ActiveCfg = Release|Win32
		{B725D715-F8D3-4391-B301-5D97BC6391D9}.Release|Win32.Build.0 = Release|Win32
		{B725D715-F8D3-4391-B301-5D97BC6391D9}.Release|x64.ActiveCfg = Release|x64
		{B725D715-F8D3-4391-B301-5D97BC6391D9}.Release|x64.Build.0 = Release|x64
		{39E63DFD-40AE-4053-94EA-C7F804BE4B0A}.Debug|Win32.ActiveCfg = Debug|Win32
		{39E63DFD-40AE-4053-94EA-C7F804BE4B0A}.Debug|Win32.Build.0 = Debug|Win32
		{39E63DFD-40AE-4053-94EA-C7F804BE4B0A}.Debug|x64.ActiveCfg = Debug|x64
		{39E63DFD-40AE-4053-94EA-C7F804BE4B0A}.Debug|x64.Build.0 = Debug|x64
		{39E63DFD-40AE-4053-94EA-C7F804BE4B0A}.Release|Win32.ActiveCfg = Release|Win32
		{39E63DFD-40AE-4053-94EA-C7F804BE4B0A}.Release|Win32.Build.0 = Release|Win32
		{39E63DFD-40AE-4053-94EA-C7F804BE4B0A}.Release|x64.ActiveCfg = Release|x64
		{39E63DFD-40AE-4053-94EA-C7F804BE4B0A}.Release|x64.Build.0 = Release|x64
		{39FED2CF-D561-4E56-8E0D-776FB50CD5B5}.Debug|Win32.ActiveCfg = Debug|Win32
		{39FED2CF-D561-4E56-8E0D-776FB50CD5B5}.Debug|Win32.Build.0 = Debug|Win32
		{39FED2CF-D561-4E56-8E0D-776FB50CD5B5}.Debug|x64.ActiveCfg = Debug|x64
		{39FED2CF-D561-4E56-8E0D-776FB50CD5B5}.Debug|x64.Build.0 = Debug|x64
		{39FED2CF-D561-4E56-8E0D-776FB50CD5B5}.Release|Win32.ActiveCfg = Release|Win32
		{39FED2CF-D561-4E56-8E0D-776FB50CD5B5}.Release|Win32.Build.0 = Release|Win32
		{39FED2CF-D561-4E56-8E0D-776FB50CD5B5}.Release|x64.ActiveCfg = Release|x64
		{39FED2CF-D561-4E56-8E0D-776FB50CD5B5}.Release|x64.Build.0 = Release|x64
		{AB16C3ED-B957-4421-8BCE-EFB12C2AB08C}.Debug|Win32.ActiveCfg = Debug|Win32
		{AB16C3ED-B957-4421-8BCE-EFB12C2AB08C}.Debug|Win32.Build.0 = Debug|Win32
		{AB16C3ED-B957-4421-8BCE-EFB12C2AB08C}.Debug|x64.ActiveCfg = Debug|x64
		{AB16C3ED-B957-4421-8BCE-EFB12C2AB08C}.Debug|x64.Build.0 = Debug|x64
		{AB16C3ED-B957-4421-8BCE-EFB12C2AB08C}.Release|Win32.ActiveCfg = Release|Win32
		{AB16C3ED-B957-4421-8BCE-EFB12C2AB08C}.Release|Win32.Build.0 = Release|Win32
		{AB16C3ED-B957-4421-8BCE-EFB12C2AB08C}.Release|x64.ActiveCfg = Release|x64
		{AB16C3ED-B957-4421-8BCE-EFB12C2AB08C}.Release|x64.Build.0 = Release|x64
		{4C6D7EA0-9104-4B38-91F1-EEFFE96BB333}.Debug|Win32.ActiveCfg = Debug|Win32
		{4C6D7EA0-9104-4B38-91F1-EEFFE96BB333}.Debug|Win32.Build.0 = Debug|Win32
		{4C6D7EA0-9104-4B38-91F1-EEFFE96BB333}.Debug|x64.ActiveCfg = Debug|x64
		{4C6D7EA0-9104-4B38-91F1-EEFFE96BB333}.Debug|x64.Build.0 = Debug|x64
		{4C6D7EA0-9104-4B38-91F1-EEFFE96BB333}.Release|Win32.ActiveCfg = Release|Win32
		{4C6D7EA0-9104-4B38-91F1-EEFFE96BB333}.Release|Win32.Build.0 = Release|Win32
		{4C6D7EA0-9104-4B38-91F1-EEFFE96BB333}.Release|x64.ActiveCfg = Release|x64
		{4C6D7EA0-9104-4B38-91F1-EEFFE96BB333}.Release|x64.Build.0 = Release|x64
		{00EEAD0A-61F9-466A-8D25-62EA45B46705}.Debug|Win32.ActiveCfg = Debug|Win32
		{00EEAD0A-61F9-466A-8D25-62EA45B46705}.Debug|Win32.Build.0 = Debug|Win32
		{00EEAD0A-61F9-466A-8D25-62EA45B46705}.Debug|x64.ActiveCfg = Debug|x64
		{00EEAD0A-61F9-466A-8D25-62EA45B46705}.Debug|x64.Build.0 = Debug|x64
		{00EEAD0A-61F9-466A-8D25-62EA45B46705}.Release|Win32.ActiveCfg = Release|Win32
		{00EEAD0A-61F9-466A-8D25-62EA45B46705}.Release|Win32.Build.0 = Release|Win32
		{00EEAD0A-61F9-466A-8D25-62EA45B46705}.Release|x64.ActiveCfg = Release|x64
		{00EEAD0A-61F9-466A-8D25-62EA45B46705}.Release|x64.Build.0 = Release|x64
		{C5BEA6DC-B40A-4F99-8CDB-87B9E914607E}.Debug|Win32.ActiveCfg = Debug|Win32
		{C5BEA6DC-B40A-4F99-8CDB-87B9E914607E}.Debug|Win32.Build.0 = Debug|Win32
		{C5BEA6DC-B40A-4F99-8CDB-87B9E914607E}.Debug|x64.ActiveCfg = Debug|x64
		{C5BEA6DC-B40A-4F99-8CDB-87B9E914607E}.Debug|x64.Build.0 = Debug|x64
		{C5BEA6DC-B40A-4F99-8CDB-87B9E914607E}.Release|Win32.ActiveCfg = Release|Win32
		{C5BEA6DC-B40A-4F99-8CDB-87B9E914607E}.Release|Win32.Build.0 = Release|Win32
		{C5BEA6DC-B40A-4F99-8CDB-87B9E914607E}.Release|x64.ActiveCfg = Release|x64
		{C5BEA6DC-B40A-4F99-8CDB-87B9E914607E}.Release|x64.Build.0 = Release|x64
		{C927D517-1C6A-4142-A513-973162FBE37C}.Debug|Win32.ActiveCfg = Debug|Win32
		{C927D517-1C6A-4142-A513-973162FBE37C}.Debug|Win32.Build.0 = Debug|Win32
		{C927D517-1C6A-4142-A513-973162FBE37C}.Debug|x64.ActiveCfg = Debug|x64
		{C927D517-1C6A-4142-A513-973162FBE37C}.Debug|x64.Build.0 = Debug|x64
		{C927D517-1C6A-4142-A513-973162FBE37C}.Release|Win32.ActiveCfg = Release|Win32
		{C927D517-1C6A-4142-A513-973162FBE37C}.Release|Win32.Build.0 = Release|Win32
		{C927D517-1C6A-4142-A513-973162FBE37C}.Release|x64.ActiveCfg = Release|x64
		{C927D517-1C6A-4142-A513-973162FBE37C}.Release|x64.Build.0 = Release|x64
	EndGlobalSection
	GlobalSection(SolutionProperties) = preSolution
		HideSolutionNode = FALSE
	EndGlobalSection
EndGlobal
